
Microsoft Visual Studio Solution File, Format Version 12.00
# Visual Studio Version 17
VisualStudioVersion = 17.6.33801.468
MinimumVisualStudioVersion = 10.0.40219.1
Project("{FAE04EC0-301F-11D3-BF4B-00C04F79EFBC}") = "Pasta_Pisirme_Surec_Uyg", "Pasta_Pisirme_Surec_Uyg\Pasta_Pisirme_Surec_Uyg.csproj", "{9C71382C-A903-4986-98F4-C01891F0C615}"
EndProject
Global
	GlobalSection(SolutionConfigurationPlatforms) = preSolution
		Debug|Any CPU = Debug|Any CPU
		Release|Any CPU = Release|Any CPU
	EndGlobalSection
	GlobalSection(ProjectConfigurationPlatforms) = postSolution
		{9C71382C-A903-4986-98F4-C01891F0C615}.Debug|Any CPU.ActiveCfg = Debug|Any CPU
		{9C71382C-A903-4986-98F4-C01891F0C615}.Debug|Any CPU.Build.0 = Debug|Any CPU
		{9C71382C-A903-4986-98F4-C01891F0C615}.Release|Any CPU.ActiveCfg = Release|Any CPU
		{9C71382C-A903-4986-98F4-C01891F0C615}.Release|Any CPU.Build.0 = Release|Any CPU
	EndGlobalSection
	GlobalSection(SolutionProperties) = preSolution
		HideSolutionNode = FALSE
	EndGlobalSection
	GlobalSection(ExtensibilityGlobals) = postSolution
		SolutionGuid = {EA719BF7-CAC6-4001-B187-3E6D326A6800}
	EndGlobalSection
EndGlobal
